
Microsoft Visual Studio Solution File, Format Version 12.00
# Visual Studio Version 17
VisualStudioVersion = 17.5.002.0
MinimumVisualStudioVersion = 10.0.40219.1
Project("{9A19103F-16F7-4668-BE54-9A1E7A4F7556}") = "adventOfCode4", "adventOfCode4.csproj", "{40505BCC-4BDC-4596-A1A1-ED68728AA005}"
EndProject
Global
	GlobalSection(SolutionConfigurationPlatforms) = preSolution
		Debug|Any CPU = Debug|Any CPU
		Release|Any CPU = Release|Any CPU
	EndGlobalSection
	GlobalSection(ProjectConfigurationPlatforms) = postSolution
		{40505BCC-4BDC-4596-A1A1-ED68728AA005}.Debug|Any CPU.ActiveCfg = Debug|Any CPU
		{40505BCC-4BDC-4596-A1A1-ED68728AA005}.Debug|Any CPU.Build.0 = Debug|Any CPU
		{40505BCC-4BDC-4596-A1A1-ED68728AA005}.Release|Any CPU.ActiveCfg = Release|Any CPU
		{40505BCC-4BDC-4596-A1A1-ED68728AA005}.Release|Any CPU.Build.0 = Release|Any CPU
	EndGlobalSection
	GlobalSection(SolutionProperties) = preSolution
		HideSolutionNode = FALSE
	EndGlobalSection
	GlobalSection(ExtensibilityGlobals) = postSolution
		SolutionGuid = {32928487-B4AF-4A8D-BA46-FC2C440DEC36}
	EndGlobalSection
EndGlobal
