
Microsoft Visual Studio Solution File, Format Version 12.00
# Visual Studio Version 17
VisualStudioVersion = 17.5.002.0
MinimumVisualStudioVersion = 10.0.40219.1
Project("{9A19103F-16F7-4668-BE54-9A1E7A4F7556}") = "adventOfCode5", "adventOfCode5.csproj", "{AB6A119B-6A07-4549-987D-F1F9C8A4C682}"
EndProject
Global
	GlobalSection(SolutionConfigurationPlatforms) = preSolution
		Debug|Any CPU = Debug|Any CPU
		Release|Any CPU = Release|Any CPU
	EndGlobalSection
	GlobalSection(ProjectConfigurationPlatforms) = postSolution
		{AB6A119B-6A07-4549-987D-F1F9C8A4C682}.Debug|Any CPU.ActiveCfg = Debug|Any CPU
		{AB6A119B-6A07-4549-987D-F1F9C8A4C682}.Debug|Any CPU.Build.0 = Debug|Any CPU
		{AB6A119B-6A07-4549-987D-F1F9C8A4C682}.Release|Any CPU.ActiveCfg = Release|Any CPU
		{AB6A119B-6A07-4549-987D-F1F9C8A4C682}.Release|Any CPU.Build.0 = Release|Any CPU
	EndGlobalSection
	GlobalSection(SolutionProperties) = preSolution
		HideSolutionNode = FALSE
	EndGlobalSection
	GlobalSection(ExtensibilityGlobals) = postSolution
		SolutionGuid = {C42ACED7-6FD8-4ABA-B342-7456E9A10E28}
	EndGlobalSection
EndGlobal
